
Microsoft Visual Studio Solution File, Format Version 12.00
# Visual Studio 14
VisualStudioVersion = 14.0.25420.1
MinimumVisualStudioVersion = 10.0.40219.1
Project("{FAE04EC0-301F-11D3-BF4B-00C04F79EFBC}") = "SecretSantaWeb", "SecretSantaWeb\SecretSantaWeb.csproj", "{5B644285-E6A8-435C-929B-8FA9FB7FCE68}"
EndProject
Project("{FAE04EC0-301F-11D3-BF4B-00C04F79EFBC}") = "SecretSantaData", "Data\SecretSantaData.csproj", "{F64B5097-2057-40B1-B85D-B7720B57580E}"
EndProject
Project("{FAE04EC0-301F-11D3-BF4B-00C04F79EFBC}") = "SecretSantaModels", "SecretSantaModels\SecretSantaModels.csproj", "{4E11ECC4-342E-49A1-8538-9DC705CA81A8}"
EndProject
Global
	GlobalSection(SolutionConfigurationPlatforms) = preSolution
		Debug|Any CPU = Debug|Any CPU
		Release|Any CPU = Release|Any CPU
	EndGlobalSection
	GlobalSection(ProjectConfigurationPlatforms) = postSolution
		{5B644285-E6A8-435C-929B-8FA9FB7FCE68}.Debug|Any CPU.ActiveCfg = Debug|Any CPU
		{5B644285-E6A8-435C-929B-8FA9FB7FCE68}.Debug|Any CPU.Build.0 = Debug|Any CPU
		{5B644285-E6A8-435C-929B-8FA9FB7FCE68}.Release|Any CPU.ActiveCfg = Release|Any CPU
		{5B644285-E6A8-435C-929B-8FA9FB7FCE68}.Release|Any CPU.Build.0 = Release|Any CPU
		{F64B5097-2057-40B1-B85D-B7720B57580E}.Debug|Any CPU.ActiveCfg = Debug|Any CPU
		{F64B5097-2057-40B1-B85D-B7720B57580E}.Debug|Any CPU.Build.0 = Debug|Any CPU
		{F64B5097-2057-40B1-B85D-B7720B57580E}.Release|Any CPU.ActiveCfg = Release|Any CPU
		{F64B5097-2057-40B1-B85D-B7720B57580E}.Release|Any CPU.Build.0 = Release|Any CPU
		{4E11ECC4-342E-49A1-8538-9DC705CA81A8}.Debug|Any CPU.ActiveCfg = Debug|Any CPU
		{4E11ECC4-342E-49A1-8538-9DC705CA81A8}.Debug|Any CPU.Build.0 = Debug|Any CPU
		{4E11ECC4-342E-49A1-8538-9DC705CA81A8}.Release|Any CPU.ActiveCfg = Release|Any CPU
		{4E11ECC4-342E-49A1-8538-9DC705CA81A8}.Release|Any CPU.Build.0 = Release|Any CPU
	EndGlobalSection
	GlobalSection(SolutionProperties) = preSolution
		HideSolutionNode = FALSE
	EndGlobalSection
EndGlobal
