
Microsoft Visual Studio Solution File, Format Version 12.00
# Visual Studio 14
VisualStudioVersion = 14.0.25420.1
MinimumVisualStudioVersion = 10.0.40219.1
Project("{FAE04EC0-301F-11D3-BF4B-00C04F79EFBC}") = "SecretSanta.API", "SecretSanta.API\SecretSanta.API.csproj", "{B93C6AC3-5EE3-410E-9BE3-E29617837133}"
EndProject
Project("{FAE04EC0-301F-11D3-BF4B-00C04F79EFBC}") = "SecretSanta.Data", "SecretSanta.Data\SecretSanta.Data.csproj", "{8DC36B3F-1B29-48D9-B9F2-FB71D8719FB3}"
EndProject
Project("{FAE04EC0-301F-11D3-BF4B-00C04F79EFBC}") = "SecretSanta.Models", "SecretSanta.Models\SecretSanta.Models.csproj", "{98D153EE-3E0C-470D-81B6-0FDE25885DC6}"
EndProject
Project("{FAE04EC0-301F-11D3-BF4B-00C04F79EFBC}") = "SecretSanta.Services", "SecretSanta.Services\SecretSanta.Services.csproj", "{1C7F3916-1E95-4BEC-BF8E-00EAC9616C74}"
EndProject
Global
	GlobalSection(SolutionConfigurationPlatforms) = preSolution
		Debug|Any CPU = Debug|Any CPU
		Release|Any CPU = Release|Any CPU
	EndGlobalSection
	GlobalSection(ProjectConfigurationPlatforms) = postSolution
		{B93C6AC3-5EE3-410E-9BE3-E29617837133}.Debug|Any CPU.ActiveCfg = Debug|Any CPU
		{B93C6AC3-5EE3-410E-9BE3-E29617837133}.Debug|Any CPU.Build.0 = Debug|Any CPU
		{B93C6AC3-5EE3-410E-9BE3-E29617837133}.Release|Any CPU.ActiveCfg = Release|Any CPU
		{B93C6AC3-5EE3-410E-9BE3-E29617837133}.Release|Any CPU.Build.0 = Release|Any CPU
		{8DC36B3F-1B29-48D9-B9F2-FB71D8719FB3}.Debug|Any CPU.ActiveCfg = Debug|Any CPU
		{8DC36B3F-1B29-48D9-B9F2-FB71D8719FB3}.Debug|Any CPU.Build.0 = Debug|Any CPU
		{8DC36B3F-1B29-48D9-B9F2-FB71D8719FB3}.Release|Any CPU.ActiveCfg = Release|Any CPU
		{8DC36B3F-1B29-48D9-B9F2-FB71D8719FB3}.Release|Any CPU.Build.0 = Release|Any CPU
		{98D153EE-3E0C-470D-81B6-0FDE25885DC6}.Debug|Any CPU.ActiveCfg = Debug|Any CPU
		{98D153EE-3E0C-470D-81B6-0FDE25885DC6}.Debug|Any CPU.Build.0 = Debug|Any CPU
		{98D153EE-3E0C-470D-81B6-0FDE25885DC6}.Release|Any CPU.ActiveCfg = Release|Any CPU
		{98D153EE-3E0C-470D-81B6-0FDE25885DC6}.Release|Any CPU.Build.0 = Release|Any CPU
		{1C7F3916-1E95-4BEC-BF8E-00EAC9616C74}.Debug|Any CPU.ActiveCfg = Debug|Any CPU
		{1C7F3916-1E95-4BEC-BF8E-00EAC9616C74}.Debug|Any CPU.Build.0 = Debug|Any CPU
		{1C7F3916-1E95-4BEC-BF8E-00EAC9616C74}.Release|Any CPU.ActiveCfg = Release|Any CPU
		{1C7F3916-1E95-4BEC-BF8E-00EAC9616C74}.Release|Any CPU.Build.0 = Release|Any CPU
	EndGlobalSection
	GlobalSection(SolutionProperties) = preSolution
		HideSolutionNode = FALSE
	EndGlobalSection
EndGlobal
